
Microsoft Visual Studio Solution File, Format Version 12.00
# Visual Studio Version 17
VisualStudioVersion = 17.0.32014.148
MinimumVisualStudioVersion = 10.0.40219.1
Project("{FAE04EC0-301F-11D3-BF4B-00C04F79EFBC}") = "AnimationPlanet.UWP", "AnimationPlanet\AnimationPlanet.UWP\AnimationPlanet.UWP.csproj", "{B31864F5-E2DF-4B0A-87E9-917DE87CFC0E}"
EndProject
Project("{FAE04EC0-301F-11D3-BF4B-00C04F79EFBC}") = "AnimationPlanet.Android", "AnimationPlanet\AnimationPlanet.Android\AnimationPlanet.Android.csproj", "{C4CAF314-79D0-4AF4-8C7F-ECE99106A46D}"
EndProject
Project("{FAE04EC0-301F-11D3-BF4B-00C04F79EFBC}") = "AnimationPlanet.iOS", "AnimationPlanet\AnimationPlanet.iOS\AnimationPlanet.iOS.csproj", "{3BA91B35-38BC-4FE0-BEEE-B7E6C8F81617}"
EndProject
Project("{FAE04EC0-301F-11D3-BF4B-00C04F79EFBC}") = "AnimationPlanet", "AnimationPlanet\AnimationPlanet\AnimationPlanet.csproj", "{17E01C6A-B9AD-4882-A87D-B8FC5E0CDB3A}"
EndProject
Global
	GlobalSection(SolutionConfigurationPlatforms) = preSolution
		Debug|Any CPU = Debug|Any CPU
		Debug|ARM = Debug|ARM
		Debug|iPhone = Debug|iPhone
		Debug|iPhoneSimulator = Debug|iPhoneSimulator
		Debug|x64 = Debug|x64
		Debug|x86 = Debug|x86
		Release|Any CPU = Release|Any CPU
		Release|ARM = Release|ARM
		Release|iPhone = Release|iPhone
		Release|iPhoneSimulator = Release|iPhoneSimulator
		Release|x64 = Release|x64
		Release|x86 = Release|x86
	EndGlobalSection
	GlobalSection(ProjectConfigurationPlatforms) = postSolution
		{B31864F5-E2DF-4B0A-87E9-917DE87CFC0E}.Debug|Any CPU.ActiveCfg = Debug|x64
		{B31864F5-E2DF-4B0A-87E9-917DE87CFC0E}.Debug|Any CPU.Build.0 = Debug|x64
		{B31864F5-E2DF-4B0A-87E9-917DE87CFC0E}.Debug|Any CPU.Deploy.0 = Debug|x64
		{B31864F5-E2DF-4B0A-87E9-917DE87CFC0E}.Debug|ARM.ActiveCfg = Debug|ARM
		{B31864F5-E2DF-4B0A-87E9-917DE87CFC0E}.Debug|ARM.Build.0 = Debug|ARM
		{B31864F5-E2DF-4B0A-87E9-917DE87CFC0E}.Debug|ARM.Deploy.0 = Debug|ARM
		{B31864F5-E2DF-4B0A-87E9-917DE87CFC0E}.Debug|iPhone.ActiveCfg = Debug|x64
		{B31864F5-E2DF-4B0A-87E9-917DE87CFC0E}.Debug|iPhone.Build.0 = Debug|x64
		{B31864F5-E2DF-4B0A-87E9-917DE87CFC0E}.Debug|iPhone.Deploy.0 = Debug|x64
		{B31864F5-E2DF-4B0A-87E9-917DE87CFC0E}.Debug|iPhoneSimulator.ActiveCfg = Debug|x64
		{B31864F5-E2DF-4B0A-87E9-917DE87CFC0E}.Debug|iPhoneSimulator.Build.0 = Debug|x64
		{B31864F5-E2DF-4B0A-87E9-917DE87CFC0E}.Debug|iPhoneSimulator.Deploy.0 = Debug|x64
		{B31864F5-E2DF-4B0A-87E9-917DE87CFC0E}.Debug|x64.ActiveCfg = Debug|x64
		{B31864F5-E2DF-4B0A-87E9-917DE87CFC0E}.Debug|x64.Build.0 = Debug|x64
		{B31864F5-E2DF-4B0A-87E9-917DE87CFC0E}.Debug|x64.Deploy.0 = Debug|x64
		{B31864F5-E2DF-4B0A-87E9-917DE87CFC0E}.Debug|x86.ActiveCfg = Debug|x86
		{B31864F5-E2DF-4B0A-87E9-917DE87CFC0E}.Debug|x86.Build.0 = Debug|x86
		{B31864F5-E2DF-4B0A-87E9-917DE87CFC0E}.Debug|x86.Deploy.0 = Debug|x86
		{B31864F5-E2DF-4B0A-87E9-917DE87CFC0E}.Release|Any CPU.ActiveCfg = Release|x64
		{B31864F5-E2DF-4B0A-87E9-917DE87CFC0E}.Release|Any CPU.Build.0 = Release|x64
		{B31864F5-E2DF-4B0A-87E9-917DE87CFC0E}.Release|Any CPU.Deploy.0 = Release|x64
		{B31864F5-E2DF-4B0A-87E9-917DE87CFC0E}.Release|ARM.ActiveCfg = Release|ARM
		{B31864F5-E2DF-4B0A-87E9-917DE87CFC0E}.Release|ARM.Build.0 = Release|ARM
		{B31864F5-E2DF-4B0A-87E9-917DE87CFC0E}.Release|ARM.Deploy.0 = Release|ARM
		{B31864F5-E2DF-4B0A-87E9-917DE87CFC0E}.Release|iPhone.ActiveCfg = Release|x64
		{B31864F5-E2DF-4B0A-87E9-917DE87CFC0E}.Release|iPhone.Build.0 = Release|x64
		{B31864F5-E2DF-4B0A-87E9-917DE87CFC0E}.Release|iPhone.Deploy.0 = Release|x64
		{B31864F5-E2DF-4B0A-87E9-917DE87CFC0E}.Release|iPhoneSimulator.ActiveCfg = Release|x64
		{B31864F5-E2DF-4B0A-87E9-917DE87CFC0E}.Release|iPhoneSimulator.Build.0 = Release|x64
		{B31864F5-E2DF-4B0A-87E9-917DE87CFC0E}.Release|iPhoneSimulator.Deploy.0 = Release|x64
		{B31864F5-E2DF-4B0A-87E9-917DE87CFC0E}.Release|x64.ActiveCfg = Release|x64
		{B31864F5-E2DF-4B0A-87E9-917DE87CFC0E}.Release|x64.Build.0 = Release|x64
		{B31864F5-E2DF-4B0A-87E9-917DE87CFC0E}.Release|x64.Deploy.0 = Release|x64
		{B31864F5-E2DF-4B0A-87E9-917DE87CFC0E}.Release|x86.ActiveCfg = Release|x86
		{B31864F5-E2DF-4B0A-87E9-917DE87CFC0E}.Release|x86.Build.0 = Release|x86
		{B31864F5-E2DF-4B0A-87E9-917DE87CFC0E}.Release|x86.Deploy.0 = Release|x86
		{C4CAF314-79D0-4AF4-8C7F-ECE99106A46D}.Debug|Any CPU.ActiveCfg = Debug|Any CPU
		{C4CAF314-79D0-4AF4-8C7F-ECE99106A46D}.Debug|Any CPU.Build.0 = Debug|Any CPU
		{C4CAF314-79D0-4AF4-8C7F-ECE99106A46D}.Debug|Any CPU.Deploy.0 = Debug|Any CPU
		{C4CAF314-79D0-4AF4-8C7F-ECE99106A46D}.Debug|ARM.ActiveCfg = Debug|Any CPU
		{C4CAF314-79D0-4AF4-8C7F-ECE99106A46D}.Debug|ARM.Build.0 = Debug|Any CPU
		{C4CAF314-79D0-4AF4-8C7F-ECE99106A46D}.Debug|ARM.Deploy.0 = Debug|Any CPU
		{C4CAF314-79D0-4AF4-8C7F-ECE99106A46D}.Debug|iPhone.ActiveCfg = Debug|Any CPU
		{C4CAF314-79D0-4AF4-8C7F-ECE99106A46D}.Debug|iPhone.Build.0 = Debug|Any CPU
		{C4CAF314-79D0-4AF4-8C7F-ECE99106A46D}.Debug|iPhone.Deploy.0 = Debug|Any CPU
		{C4CAF314-79D0-4AF4-8C7F-ECE99106A46D}.Debug|iPhoneSimulator.ActiveCfg = Debug|Any CPU
		{C4CAF314-79D0-4AF4-8C7F-ECE99106A46D}.Debug|iPhoneSimulator.Build.0 = Debug|Any CPU
		{C4CAF314-79D0-4AF4-8C7F-ECE99106A46D}.Debug|iPhoneSimulator.Deploy.0 = Debug|Any CPU
		{C4CAF314-79D0-4AF4-8C7F-ECE99106A46D}.Debug|x64.ActiveCfg = Debug|Any CPU
		{C4CAF314-79D0-4AF4-8C7F-ECE99106A46D}.Debug|x64.Build.0 = Debug|Any CPU
		{C4CAF314-79D0-4AF4-8C7F-ECE99106A46D}.Debug|x64.Deploy.0 = Debug|Any CPU
		{C4CAF314-79D0-4AF4-8C7F-ECE99106A46D}.Debug|x86.ActiveCfg = Debug|Any CPU
		{C4CAF314-79D0-4AF4-8C7F-ECE99106A46D}.Debug|x86.Build.0 = Debug|Any CPU
		{C4CAF314-79D0-4AF4-8C7F-ECE99106A46D}.Debug|x86.Deploy.0 = Debug|Any CPU
		{C4CAF314-79D0-4AF4-8C7F-ECE99106A46D}.Release|Any CPU.ActiveCfg = Release|Any CPU
		{C4CAF314-79D0-4AF4-8C7F-ECE99106A46D}.Release|Any CPU.Build.0 = Release|Any CPU
		{C4CAF314-79D0-4AF4-8C7F-ECE99106A46D}.Release|Any CPU.Deploy.0 = Release|Any CPU
		{C4CAF314-79D0-4AF4-8C7F-ECE99106A46D}.Release|ARM.ActiveCfg = Release|Any CPU
		{C4CAF314-79D0-4AF4-8C7F-ECE99106A46D}.Release|ARM.Build.0 = Release|Any CPU
		{C4CAF314-79D0-4AF4-8C7F-ECE99106A46D}.Release|ARM.Deploy.0 = Release|Any CPU
		{C4CAF314-79D0-4AF4-8C7F-ECE99106A46D}.Release|iPhone.ActiveCfg = Release|Any CPU
		{C4CAF314-79D0-4AF4-8C7F-ECE99106A46D}.Release|iPhone.Build.0 = Release|Any CPU
		{C4CAF314-79D0-4AF4-8C7F-ECE99106A46D}.Release|iPhone.Deploy.0 = Release|Any CPU
		{C4CAF314-79D0-4AF4-8C7F-ECE99106A46D}.Release|iPhoneSimulator.ActiveCfg = Release|Any CPU
		{C4CAF314-79D0-4AF4-8C7F-ECE99106A46D}.Release|iPhoneSimulator.Build.0 = Release|Any CPU
		{C4CAF314-79D0-4AF4-8C7F-ECE99106A46D}.Release|iPhoneSimulator.Deploy.0 = Release|Any CPU
		{C4CAF314-79D0-4AF4-8C7F-ECE99106A46D}.Release|x64.ActiveCfg = Release|Any CPU
		{C4CAF314-79D0-4AF4-8C7F-ECE99106A46D}.Release|x64.Build.0 = Release|Any CPU
		{C4CAF314-79D0-4AF4-8C7F-ECE99106A46D}.Release|x64.Deploy.0 = Release|Any CPU
		{C4CAF314-79D0-4AF4-8C7F-ECE99106A46D}.Release|x86.ActiveCfg = Release|Any CPU
		{C4CAF314-79D0-4AF4-8C7F-ECE99106A46D}.Release|x86.Build.0 = Release|Any CPU
		{C4CAF314-79D0-4AF4-8C7F-ECE99106A46D}.Release|x86.Deploy.0 = Release|Any CPU
		{3BA91B35-38BC-4FE0-BEEE-B7E6C8F81617}.Debug|Any CPU.ActiveCfg = Debug|iPhoneSimulator
		{3BA91B35-38BC-4FE0-BEEE-B7E6C8F81617}.Debug|Any CPU.Build.0 = Debug|iPhoneSimulator
		{3BA91B35-38BC-4FE0-BEEE-B7E6C8F81617}.Debug|Any CPU.Deploy.0 = Debug|iPhoneSimulator
		{3BA91B35-38BC-4FE0-BEEE-B7E6C8F81617}.Debug|ARM.ActiveCfg = Debug|iPhoneSimulator
		{3BA91B35-38BC-4FE0-BEEE-B7E6C8F81617}.Debug|ARM.Build.0 = Debug|iPhoneSimulator
		{3BA91B35-38BC-4FE0-BEEE-B7E6C8F81617}.Debug|ARM.Deploy.0 = Debug|iPhoneSimulator
		{3BA91B35-38BC-4FE0-BEEE-B7E6C8F81617}.Debug|iPhone.ActiveCfg = Debug|iPhone
		{3BA91B35-38BC-4FE0-BEEE-B7E6C8F81617}.Debug|iPhone.Build.0 = Debug|iPhone
		{3BA91B35-38BC-4FE0-BEEE-B7E6C8F81617}.Debug|iPhone.Deploy.0 = Debug|iPhone
		{3BA91B35-38BC-4FE0-BEEE-B7E6C8F81617}.Debug|iPhoneSimulator.ActiveCfg = Debug|iPhoneSimulator
		{3BA91B35-38BC-4FE0-BEEE-B7E6C8F81617}.Debug|iPhoneSimulator.Build.0 = Debug|iPhoneSimulator
		{3BA91B35-38BC-4FE0-BEEE-B7E6C8F81617}.Debug|iPhoneSimulator.Deploy.0 = Debug|iPhoneSimulator
		{3BA91B35-38BC-4FE0-BEEE-B7E6C8F81617}.Debug|x64.ActiveCfg = Debug|iPhone
		{3BA91B35-38BC-4FE0-BEEE-B7E6C8F81617}.Debug|x64.Build.0 = Debug|iPhone
		{3BA91B35-38BC-4FE0-BEEE-B7E6C8F81617}.Debug|x64.Deploy.0 = Debug|iPhone
		{3BA91B35-38BC-4FE0-BEEE-B7E6C8F81617}.Debug|x86.ActiveCfg = Debug|iPhoneSimulator
		{3BA91B35-38BC-4FE0-BEEE-B7E6C8F81617}.Debug|x86.Build.0 = Debug|iPhoneSimulator
		{3BA91B35-38BC-4FE0-BEEE-B7E6C8F81617}.Debug|x86.Deploy.0 = Debug|iPhoneSimulator
		{3BA91B35-38BC-4FE0-BEEE-B7E6C8F81617}.Release|Any CPU.ActiveCfg = Release|iPhoneSimulator
		{3BA91B35-38BC-4FE0-BEEE-B7E6C8F81617}.Release|Any CPU.Build.0 = Release|iPhoneSimulator
		{3BA91B35-38BC-4FE0-BEEE-B7E6C8F81617}.Release|Any CPU.Deploy.0 = Release|iPhoneSimulator
		{3BA91B35-38BC-4FE0-BEEE-B7E6C8F81617}.Release|ARM.ActiveCfg = Release|iPhoneSimulator
		{3BA91B35-38BC-4FE0-BEEE-B7E6C8F81617}.Release|ARM.Build.0 = Release|iPhoneSimulator
		{3BA91B35-38BC-4FE0-BEEE-B7E6C8F81617}.Release|ARM.Deploy.0 = Release|iPhoneSimulator
		{3BA91B35-38BC-4FE0-BEEE-B7E6C8F81617}.Release|iPhone.ActiveCfg = Release|iPhone
		{3BA91B35-38BC-4FE0-BEEE-B7E6C8F81617}.Release|iPhone.Build.0 = Release|iPhone
		{3BA91B35-38BC-4FE0-BEEE-B7E6C8F81617}.Release|iPhone.Deploy.0 = Release|iPhone
		{3BA91B35-38BC-4FE0-BEEE-B7E6C8F81617}.Release|iPhoneSimulator.ActiveCfg = Release|iPhoneSimulator
		{3BA91B35-38BC-4FE0-BEEE-B7E6C8F81617}.Release|iPhoneSimulator.Build.0 = Release|iPhoneSimulator
		{3BA91B35-38BC-4FE0-BEEE-B7E6C8F81617}.Release|iPhoneSimulator.Deploy.0 = Release|iPhoneSimulator
		{3BA91B35-38BC-4FE0-BEEE-B7E6C8F81617}.Release|x64.ActiveCfg = Release|iPhoneSimulator
		{3BA91B35-38BC-4FE0-BEEE-B7E6C8F81617}.Release|x64.Build.0 = Release|iPhoneSimulator
		{3BA91B35-38BC-4FE0-BEEE-B7E6C8F81617}.Release|x64.Deploy.0 = Release|iPhoneSimulator
		{3BA91B35-38BC-4FE0-BEEE-B7E6C8F81617}.Release|x86.ActiveCfg = Release|iPhoneSimulator
		{3BA91B35-38BC-4FE0-BEEE-B7E6C8F81617}.Release|x86.Build.0 = Release|iPhoneSimulator
		{3BA91B35-38BC-4FE0-BEEE-B7E6C8F81617}.Release|x86.Deploy.0 = Release|iPhoneSimulator
		{17E01C6A-B9AD-4882-A87D-B8FC5E0CDB3A}.Debug|Any CPU.ActiveCfg = Debug|Any CPU
		{17E01C6A-B9AD-4882-A87D-B8FC5E0CDB3A}.Debug|Any CPU.Build.0 = Debug|Any CPU
		{17E01C6A-B9AD-4882-A87D-B8FC5E0CDB3A}.Debug|Any CPU.Deploy.0 = Debug|Any CPU
		{17E01C6A-B9AD-4882-A87D-B8FC5E0CDB3A}.Debug|ARM.ActiveCfg = Debug|Any CPU
		{17E01C6A-B9AD-4882-A87D-B8FC5E0CDB3A}.Debug|ARM.Build.0 = Debug|Any CPU
		{17E01C6A-B9AD-4882-A87D-B8FC5E0CDB3A}.Debug|ARM.Deploy.0 = Debug|Any CPU
		{17E01C6A-B9AD-4882-A87D-B8FC5E0CDB3A}.Debug|iPhone.ActiveCfg = Debug|Any CPU
		{17E01C6A-B9AD-4882-A87D-B8FC5E0CDB3A}.Debug|iPhone.Build.0 = Debug|Any CPU
		{17E01C6A-B9AD-4882-A87D-B8FC5E0CDB3A}.Debug|iPhone.Deploy.0 = Debug|Any CPU
		{17E01C6A-B9AD-4882-A87D-B8FC5E0CDB3A}.Debug|iPhoneSimulator.ActiveCfg = Debug|Any CPU
		{17E01C6A-B9AD-4882-A87D-B8FC5E0CDB3A}.Debug|iPhoneSimulator.Build.0 = Debug|Any CPU
		{17E01C6A-B9AD-4882-A87D-B8FC5E0CDB3A}.Debug|iPhoneSimulator.Deploy.0 = Debug|Any CPU
		{17E01C6A-B9AD-4882-A87D-B8FC5E0CDB3A}.Debug|x64.ActiveCfg = Debug|Any CPU
		{17E01C6A-B9AD-4882-A87D-B8FC5E0CDB3A}.Debug|x64.Build.0 = Debug|Any CPU
		{17E01C6A-B9AD-4882-A87D-B8FC5E0CDB3A}.Debug|x64.Deploy.0 = Debug|Any CPU
		{17E01C6A-B9AD-4882-A87D-B8FC5E0CDB3A}.Debug|x86.ActiveCfg = Debug|Any CPU
		{17E01C6A-B9AD-4882-A87D-B8FC5E0CDB3A}.Debug|x86.Build.0 = Debug|Any CPU
		{17E01C6A-B9AD-4882-A87D-B8FC5E0CDB3A}.Debug|x86.Deploy.0 = Debug|Any CPU
		{17E01C6A-B9AD-4882-A87D-B8FC5E0CDB3A}.Release|Any CPU.ActiveCfg = Release|Any CPU
		{17E01C6A-B9AD-4882-A87D-B8FC5E0CDB3A}.Release|Any CPU.Build.0 = Release|Any CPU
		{17E01C6A-B9AD-4882-A87D-B8FC5E0CDB3A}.Release|Any CPU.Deploy.0 = Release|Any CPU
		{17E01C6A-B9AD-4882-A87D-B8FC5E0CDB3A}.Release|ARM.ActiveCfg = Release|Any CPU
		{17E01C6A-B9AD-4882-A87D-B8FC5E0CDB3A}.Release|ARM.Build.0 = Release|Any CPU
		{17E01C6A-B9AD-4882-A87D-B8FC5E0CDB3A}.Release|ARM.Deploy.0 = Release|Any CPU
		{17E01C6A-B9AD-4882-A87D-B8FC5E0CDB3A}.Release|iPhone.ActiveCfg = Release|Any CPU
		{17E01C6A-B9AD-4882-A87D-B8FC5E0CDB3A}.Release|iPhone.Build.0 = Release|Any CPU
		{17E01C6A-B9AD-4882-A87D-B8FC5E0CDB3A}.Release|iPhone.Deploy.0 = Release|Any CPU
		{17E01C6A-B9AD-4882-A87D-B8FC5E0CDB3A}.Release|iPhoneSimulator.ActiveCfg = Release|Any CPU
		{17E01C6A-B9AD-4882-A87D-B8FC5E0CDB3A}.Release|iPhoneSimulator.Build.0 = Release|Any CPU
		{17E01C6A-B9AD-4882-A87D-B8FC5E0CDB3A}.Release|iPhoneSimulator.Deploy.0 = Release|Any CPU
		{17E01C6A-B9AD-4882-A87D-B8FC5E0CDB3A}.Release|x64.ActiveCfg = Release|Any CPU
		{17E01C6A-B9AD-4882-A87D-B8FC5E0CDB3A}.Release|x64.Build.0 = Release|Any CPU
		{17E01C6A-B9AD-4882-A87D-B8FC5E0CDB3A}.Release|x64.Deploy.0 = Release|Any CPU
		{17E01C6A-B9AD-4882-A87D-B8FC5E0CDB3A}.Release|x86.ActiveCfg = Release|Any CPU
		{17E01C6A-B9AD-4882-A87D-B8FC5E0CDB3A}.Release|x86.Build.0 = Release|Any CPU
		{17E01C6A-B9AD-4882-A87D-B8FC5E0CDB3A}.Release|x86.Deploy.0 = Release|Any CPU
	EndGlobalSection
	GlobalSection(SolutionProperties) = preSolution
		HideSolutionNode = FALSE
	EndGlobalSection
	GlobalSection(ExtensibilityGlobals) = postSolution
		SolutionGuid = {63155692-7FB4-4E33-B5EA-7DA74BF6C30F}
	EndGlobalSection
EndGlobal
